
Microsoft Visual Studio Solution File, Format Version 12.00
# Visual Studio 14
VisualStudioVersion = 14.0.25420.1
MinimumVisualStudioVersion = 10.0.40219.1
Project("{FAE04EC0-301F-11D3-BF4B-00C04F79EFBC}") = "IdM", "IdM\IdM.csproj", "{14D58B98-2CE0-48A7-9249-6C95FA5811DC}"
EndProject
Global
	GlobalSection(SolutionConfigurationPlatforms) = preSolution
		Debug|Any CPU = Debug|Any CPU
		Release|Any CPU = Release|Any CPU
	EndGlobalSection
	GlobalSection(ProjectConfigurationPlatforms) = postSolution
		{14D58B98-2CE0-48A7-9249-6C95FA5811DC}.Debug|Any CPU.ActiveCfg = Debug|Any CPU
		{14D58B98-2CE0-48A7-9249-6C95FA5811DC}.Debug|Any CPU.Build.0 = Debug|Any CPU
		{14D58B98-2CE0-48A7-9249-6C95FA5811DC}.Release|Any CPU.ActiveCfg = Release|Any CPU
		{14D58B98-2CE0-48A7-9249-6C95FA5811DC}.Release|Any CPU.Build.0 = Release|Any CPU
	EndGlobalSection
	GlobalSection(SolutionProperties) = preSolution
		HideSolutionNode = FALSE
	EndGlobalSection
EndGlobal
